
Microsoft Visual Studio Solution File, Format Version 12.00
# Visual Studio Version 16
VisualStudioVersion = 16.0.33801.447
MinimumVisualStudioVersion = 10.0.40219.1
Project("{FAE04EC0-301F-11D3-BF4B-00C04F79EFBC}") = "PressEnterToExit", "PressEnterToExit\PressEnterToExit.csproj", "{462454CD-34B4-4D43-AEA0-C8004D075061}"
EndProject
Global
	GlobalSection(SolutionConfigurationPlatforms) = preSolution
		Debug|Any CPU = Debug|Any CPU
		Release|Any CPU = Release|Any CPU
	EndGlobalSection
	GlobalSection(ProjectConfigurationPlatforms) = postSolution
		{462454CD-34B4-4D43-AEA0-C8004D075061}.Debug|Any CPU.ActiveCfg = Debug|Any CPU
		{462454CD-34B4-4D43-AEA0-C8004D075061}.Debug|Any CPU.Build.0 = Debug|Any CPU
		{462454CD-34B4-4D43-AEA0-C8004D075061}.Release|Any CPU.ActiveCfg = Release|Any CPU
		{462454CD-34B4-4D43-AEA0-C8004D075061}.Release|Any CPU.Build.0 = Release|Any CPU
	EndGlobalSection
	GlobalSection(SolutionProperties) = preSolution
		HideSolutionNode = FALSE
	EndGlobalSection
	GlobalSection(ExtensibilityGlobals) = postSolution
		SolutionGuid = {481FC42A-7E47-470C-9D32-57F590A7B4FC}
	EndGlobalSection
EndGlobal
